// !$*UTF8*$!
{
	archiveVersion = 1;
	classes = {
	};
	objectVersion = 46;
	objects = {

/* Begin PBXBuildFile section */
		041CAA011CF69A3500AA7E02 /* main.m in Sources */ = {isa = PBXBuildFile; fileRef = 041CAA001CF69A3500AA7E02 /* main.m */; };
		041CAA041CF69A3500AA7E02 /* AppDelegate.m in Sources */ = {isa = PBXBuildFile; fileRef = 041CAA031CF69A3500AA7E02 /* AppDelegate.m */; };
		041CAA071CF69A3500AA7E02 /* ViewController.m in Sources */ = {isa = PBXBuildFile; fileRef = 041CAA061CF69A3500AA7E02 /* ViewController.m */; };
		041CAA0A1CF69A3500AA7E02 /* Main.storyboard in Resources */ = {isa = PBXBuildFile; fileRef = 041CAA081CF69A3500AA7E02 /* Main.storyboard */; };
		041CAA0C1CF69A3500AA7E02 /* Images.xcassets in Resources */ = {isa = PBXBuildFile; fileRef = 041CAA0B1CF69A3500AA7E02 /* Images.xcassets */; };
		041CAA0F1CF69A3500AA7E02 /* LaunchScreen.xib in Resources */ = {isa = PBXBuildFile; fileRef = 041CAA0D1CF69A3500AA7E02 /* LaunchScreen.xib */; };
		041CAA1B1CF69A3500AA7E02 /* _23Tests.m in Sources */ = {isa = PBXBuildFile; fileRef = 041CAA1A1CF69A3500AA7E02 /* _23Tests.m */; };
		041CAA6A1CF6E26300AA7E02 /* CollectionViewCell.m in Sources */ = {isa = PBXBuildFile; fileRef = 041CAA681CF6E26300AA7E02 /* CollectionViewCell.m */; };
		041CAA6B1CF6E26300AA7E02 /* CollectionViewCell.xib in Resources */ = {isa = PBXBuildFile; fileRef = 041CAA691CF6E26300AA7E02 /* CollectionViewCell.xib */; };
/* End PBXBuildFile section */

/* Begin PBXContainerItemProxy section */
		041CAA151CF69A3500AA7E02 /* PBXContainerItemProxy */ = {
			isa = PBXContainerItemProxy;
			containerPortal = 041CA9F31CF69A3500AA7E02 /* Project object */;
			proxyType = 1;
			remoteGlobalIDString = 041CA9FA1CF69A3500AA7E02;
			remoteInfo = 123;
		};
/* End PBXContainerItemProxy section */

/* Begin PBXFileReference section */
		041CA9FB1CF69A3500AA7E02 /* 123.app */ = {isa = PBXFileReference; explicitFileType = wrapper.application; includeInIndex = 0; path = 123.app; sourceTree = BUILT_PRODUCTS_DIR; };
		041CA9FF1CF69A3500AA7E02 /* Info.plist */ = {isa = PBXFileReference; lastKnownFileType = text.plist.xml; path = Info.plist; sourceTree = "<group>"; };
		041CAA001CF69A3500AA7E02 /* main.m */ = {isa = PBXFileReference; lastKnownFileType = sourcecode.c.objc; path = main.m; sourceTree = "<group>"; };
		041CAA021CF69A3500AA7E02 /* AppDelegate.h */ = {isa = PBXFileReference; lastKnownFileType = sourcecode.c.h; path = AppDelegate.h; sourceTree = "<group>"; };
		041CAA031CF69A3500AA7E02 /* AppDelegate.m */ = {isa = PBXFileReference; lastKnownFileType = sourcecode.c.objc; path = AppDelegate.m; sourceTree = "<group>"; };
		041CAA051CF69A3500AA7E02 /* ViewController.h */ = {isa = PBXFileReference; lastKnownFileType = sourcecode.c.h; path = ViewController.h; sourceTree = "<group>"; };
		041CAA061CF69A3500AA7E02 /* ViewController.m */ = {isa = PBXFileReference; lastKnownFileType = sourcecode.c.objc; path = ViewController.m; sourceTree = "<group>"; };
		041CAA091CF69A3500AA7E02 /* Base */ = {isa = PBXFileReference; lastKnownFileType = file.storyboard; name = Base; path = Base.lproj/Main.storyboard; sourceTree = "<group>"; };
		041CAA0B1CF69A3500AA7E02 /* Images.xcassets */ = {isa = PBXFileReference; lastKnownFileType = folder.assetcatalog; path = Images.xcassets; sourceTree = "<group>"; };
		041CAA0E1CF69A3500AA7E02 /* Base */ = {isa = PBXFileReference; lastKnownFileType = file.xib; name = Base; path = Base.lproj/LaunchScreen.xib; sourceTree = "<group>"; };
		041CAA141CF69A3500AA7E02 /* 123Tests.xctest */ = {isa = PBXFileReference; explicitFileType = wrapper.cfbundle; includeInIndex = 0; path = 123Tests.xctest; sourceTree = BUILT_PRODUCTS_DIR; };
		041CAA191CF69A3500AA7E02 /* Info.plist */ = {isa = PBXFileReference; lastKnownFileType = text.plist.xml; path = Info.plist; sourceTree = "<group>"; };
		041CAA1A1CF69A3500AA7E02 /* _23Tests.m */ = {isa = PBXFileReference; lastKnownFileType = sourcecode.c.objc; path = _23Tests.m; sourceTree = "<group>"; };
		041CAA671CF6E26300AA7E02 /* CollectionViewCell.h */ = {isa = PBXFileReference; fileEncoding = 4; lastKnownFileType = sourcecode.c.h; path = CollectionViewCell.h; sourceTree = "<group>"; };
		041CAA681CF6E26300AA7E02 /* CollectionViewCell.m */ = {isa = PBXFileReference; fileEncoding = 4; lastKnownFileType = sourcecode.c.objc; path = CollectionViewCell.m; sourceTree = "<group>"; };
		041CAA691CF6E26300AA7E02 /* CollectionViewCell.xib */ = {isa = PBXFileReference; fileEncoding = 4; lastKnownFileType = file.xib; path = CollectionViewCell.xib; sourceTree = "<group>"; };
/* End PBXFileReference section */

/* Begin PBXFrameworksBuildPhase section */
		041CA9F81CF69A3500AA7E02 /* Frameworks */ = {
			isa = PBXFrameworksBuildPhase;
			buildActionMask = 2147483647;
			files = (
			);
			runOnlyForDeploymentPostprocessing = 0;
		};
		041CAA111CF69A3500AA7E02 /* Frameworks */ = {
			isa = PBXFrameworksBuildPhase;
			buildActionMask = 2147483647;
			files = (
			);
			runOnlyForDeploymentPostprocessing = 0;
		};
/* End PBXFrameworksBuildPhase section */

/* Begin PBXGroup section */
		041CA9F21CF69A3500AA7E02 = {
			isa = PBXGroup;
			children = (
				041CA9FD1CF69A3500AA7E02 /* 123 */,
				041CAA171CF69A3500AA7E02 /* 123Tests */,
				041CA9FC1CF69A3500AA7E02 /* Products */,
			);
			sourceTree = "<group>";
		};
		041CA9FC1CF69A3500AA7E02 /* Products */ = {
			isa = PBXGroup;
			children = (
				041CA9FB1CF69A3500AA7E02 /* 123.app */,
				041CAA141CF69A3500AA7E02 /* 123Tests.xctest */,
			);
			name = Products;
			sourceTree = "<group>";
		};
		041CA9FD1CF69A3500AA7E02 /* 123 */ = {
			isa = PBXGroup;
			children = (
				041CAA021CF69A3500AA7E02 /* AppDelegate.h */,
				041CAA031CF69A3500AA7E02 /* AppDelegate.m */,
				041CAA051CF69A3500AA7E02 /* ViewController.h */,
				041CAA061CF69A3500AA7E02 /* ViewController.m */,
				041CAA671CF6E26300AA7E02 /* CollectionViewCell.h */,
				041CAA681CF6E26300AA7E02 /* CollectionViewCell.m */,
				041CAA691CF6E26300AA7E02 /* CollectionViewCell.xib */,
				041CAA081CF69A3500AA7E02 /* Main.storyboard */,
				041CAA0B1CF69A3500AA7E02 /* Images.xcassets */,
				041CAA0D1CF69A3500AA7E02 /* LaunchScreen.xib */,
				041CA9FE1CF69A3500AA7E02 /* Supporting Files */,
			);
			path = 123;
			sourceTree = "<group>";
		};
		041CA9FE1CF69A3500AA7E02 /* Supporting Files */ = {
			isa = PBXGroup;
			children = (
				041CA9FF1CF69A3500AA7E02 /* Info.plist */,
				041CAA001CF69A3500AA7E02 /* main.m */,
			);
			name = "Supporting Files";
			sourceTree = "<group>";
		};
		041CAA171CF69A3500AA7E02 /* 123Tests */ = {
			isa = PBXGroup;
			children = (
				041CAA1A1CF69A3500AA7E02 /* _23Tests.m */,
				041CAA181CF69A3500AA7E02 /* Supporting Files */,
			);
			path = 123Tests;
			sourceTree = "<group>";
		};
		041CAA181CF69A3500AA7E02 /* Supporting Files */ = {
			isa = PBXGroup;
			children = (
				041CAA191CF69A3500AA7E02 /* Info.plist */,
			);
			name = "Supporting Files";
			sourceTree = "<group>";
		};
/* End PBXGroup section */

/* Begin PBXNativeTarget section */
		041CA9FA1CF69A3500AA7E02 /* 123 */ = {
			isa = PBXNativeTarget;
			buildConfigurationList = 041CAA1E1CF69A3500AA7E02 /* Build configuration list for PBXNativeTarget "123" */;
			buildPhases = (
				041CA9F71CF69A3500AA7E02 /* Sources */,
				041CA9F81CF69A3500AA7E02 /* Frameworks */,
				041CA9F91CF69A3500AA7E02 /* Resources */,
			);
			buildRules = (
			);
			dependencies = (
			);
			name = 123;
			productName = 123;
			productReference = 041CA9FB1CF69A3500AA7E02 /* 123.app */;
			productType = "com.apple.product-type.application";
		};
		041CAA131CF69A3500AA7E02 /* 123Tests */ = {
			isa = PBXNativeTarget;
			buildConfigurationList = 041CAA211CF69A3500AA7E02 /* Build configuration list for PBXNativeTarget "123Tests" */;
			buildPhases = (
				041CAA101CF69A3500AA7E02 /* Sources */,
				041CAA111CF69A3500AA7E02 /* Frameworks */,
				041CAA121CF69A3500AA7E02 /* Resources */,
			);
			buildRules = (
			);
			dependencies = (
				041CAA161CF69A3500AA7E02 /* PBXTargetDependency */,
			);
			name = 123Tests;
			productName = 123Tests;
			productReference = 041CAA141CF69A3500AA7E02 /* 123Tests.xctest */;
			productType = "com.apple.product-type.bundle.unit-test";
		};
/* End PBXNativeTarget section */

/* Begin PBXProject section */
		041CA9F31CF69A3500AA7E02 /* Project object */ = {
			isa = PBXProject;
			attributes = {
				LastUpgradeCheck = 0620;
				ORGANIZATIONNAME = cxl;
				TargetAttributes = {
					041CA9FA1CF69A3500AA7E02 = {
						CreatedOnToolsVersion = 6.2;
					};
					041CAA131CF69A3500AA7E02 = {
						CreatedOnToolsVersion = 6.2;
						TestTargetID = 041CA9FA1CF69A3500AA7E02;
					};
				};
			};
			buildConfigurationList = 041CA9F61CF69A3500AA7E02 /* Build configuration list for PBXProject "123" */;
			compatibilityVersion = "Xcode 3.2";
			developmentRegion = English;
			hasScannedForEncodings = 0;
			knownRegions = (
				en,
				Base,
			);
			mainGroup = 041CA9F21CF69A3500AA7E02;
			productRefGroup = 041CA9FC1CF69A3500AA7E02 /* Products */;
			projectDirPath = "";
			projectRoot = "";
			targets = (
				041CA9FA1CF69A3500AA7E02 /* 123 */,
				041CAA131CF69A3500AA7E02 /* 123Tests */,
			);
		};
/* End PBXProject section */

/* Begin PBXResourcesBuildPhase section */
		041CA9F91CF69A3500AA7E02 /* Resources */ = {
			isa = PBXResourcesBuildPhase;
			buildActionMask = 2147483647;
			files = (
				041CAA0A1CF69A3500AA7E02 /* Main.storyboard in Resources */,
				041CAA0F1CF69A3500AA7E02 /* LaunchScreen.xib in Resources */,
				041CAA6B1CF6E26300AA7E02 /* CollectionViewCell.xib in Resources */,
				041CAA0C1CF69A3500AA7E02 /* Images.xcassets in Resources */,
			);
			runOnlyForDeploymentPostprocessing = 0;
		};
		041CAA121CF69A3500AA7E02 /* Resources */ = {
			isa = PBXResourcesBuildPhase;
			buildActionMask = 2147483647;
			files = (
			);
			runOnlyForDeploymentPostprocessing = 0;
		};
/* End PBXResourcesBuildPhase section */

/* Begin PBXSourcesBuildPhase section */
		041CA9F71CF69A3500AA7E02 /* Sources */ = {
			isa = PBXSourcesBuildPhase;
			buildActionMask = 2147483647;
			files = (
				041CAA071CF69A3500AA7E02 /* ViewController.m in Sources */,
				041CAA041CF69A3500AA7E02 /* AppDelegate.m in Sources */,
				041CAA6A1CF6E26300AA7E02 /* CollectionViewCell.m in Sources */,
				041CAA011CF69A3500AA7E02 /* main.m in Sources */,
			);
			runOnlyForDeploymentPostprocessing = 0;
		};
		041CAA101CF69A3500AA7E02 /* Sources */ = {
			isa = PBXSourcesBuildPhase;
			buildActionMask = 2147483647;
			files = (
				041CAA1B1CF69A3500AA7E02 /* _23Tests.m in Sources */,
			);
			runOnlyForDeploymentPostprocessing = 0;
		};
/* End PBXSourcesBuildPhase section */

/* Begin PBXTargetDependency section */
		041CAA161CF69A3500AA7E02 /* PBXTargetDependency */ = {
			isa = PBXTargetDependency;
			target = 041CA9FA1CF69A3500AA7E02 /* 123 */;
			targetProxy = 041CAA151CF69A3500AA7E02 /* PBXContainerItemProxy */;
		};
/* End PBXTargetDependency section */

/* Begin PBXVariantGroup section */
		041CAA081CF69A3500AA7E02 /* Main.storyboard */ = {
			isa = PBXVariantGroup;
			children = (
				041CAA091CF69A3500AA7E02 /* Base */,
			);
			name = Main.storyboard;
			sourceTree = "<group>";
		};
		041CAA0D1CF69A3500AA7E02 /* LaunchScreen.xib */ = {
			isa = PBXVariantGroup;
			children = (
				041CAA0E1CF69A3500AA7E02 /* Base */,
			);
			name = LaunchScreen.xib;
			sourceTree = "<group>";
		};
/* End PBXVariantGroup section */

/* Begin XCBuildConfiguration section */
		041CAA1C1CF69A3500AA7E02 /* Debug */ = {
			isa = XCBuildConfiguration;
			buildSettings = {
				ALWAYS_SEARCH_USER_PATHS = NO;
				CLANG_CXX_LANGUAGE_STANDARD = "gnu++0x";
				CLANG_CXX_LIBRARY = "libc++";
				CLANG_ENABLE_MODULES = YES;
				CLANG_ENABLE_OBJC_ARC = YES;
				CLANG_WARN_BOOL_CONVERSION = YES;
				CLANG_WARN_CONSTANT_CONVERSION = YES;
				CLANG_WARN_DIRECT_OBJC_ISA_USAGE = YES_ERROR;
				CLANG_WARN_EMPTY_BODY = YES;
				CLANG_WARN_ENUM_CONVERSION = YES;
				CLANG_WARN_INT_CONVERSION = YES;
				CLANG_WARN_OBJC_ROOT_CLASS = YES_ERROR;
				CLANG_WARN_UNREACHABLE_CODE = YES;
				CLANG_WARN__DUPLICATE_METHOD_MATCH = YES;
				"CODE_SIGN_IDENTITY[sdk=iphoneos*]" = "iPhone Developer";
				COPY_PHASE_STRIP = NO;
				ENABLE_STRICT_OBJC_MSGSEND = YES;
				GCC_C_LANGUAGE_STANDARD = gnu99;
				GCC_DYNAMIC_NO_PIC = NO;
				GCC_OPTIMIZATION_LEVEL = 0;
				GCC_PREPROCESSOR_DEFINITIONS = (
					"DEBUG=1",
					"$(inherited)",
				);
				GCC_SYMBOLS_PRIVATE_EXTERN = NO;
				GCC_WARN_64_TO_32_BIT_CONVERSION = YES;
				GCC_WARN_ABOUT_RETURN_TYPE = YES_ERROR;
				GCC_WARN_UNDECLARED_SELECTOR = YES;
				GCC_WARN_UNINITIALIZED_AUTOS = YES_AGGRESSIVE;
				GCC_WARN_UNUSED_FUNCTION = YES;
				GCC_WARN_UNUSED_VARIABLE = YES;
				IPHONEOS_DEPLOYMENT_TARGET = 8.2;
				MTL_ENABLE_DEBUG_INFO = YES;
				ONLY_ACTIVE_ARCH = YES;
				SDKROOT = iphoneos;
			};
			name = Debug;
		};
		041CAA1D1CF69A3500AA7E02 /* Release */ = {
			isa = XCBuildConfiguration;
			buildSettings = {
				ALWAYS_SEARCH_USER_PATHS = NO;
				CLANG_CXX_LANGUAGE_STANDARD = "gnu++0x";
				CLANG_CXX_LIBRARY = "libc++";
				CLANG_ENABLE_MODULES = YES;
				CLANG_ENABLE_OBJC_ARC = YES;
				CLANG_WARN_BOOL_CONVERSION = YES;
				CLANG_WARN_CONSTANT_CONVERSION = YES;
				CLANG_WARN_DIRECT_OBJC_ISA_USAGE = YES_ERROR;
				CLANG_WARN_EMPTY_BODY = YES;
				CLANG_WARN_ENUM_CONVERSION = YES;
				CLANG_WARN_INT_CONVERSION = YES;
				CLANG_WARN_OBJC_ROOT_CLASS = YES_ERROR;
				CLANG_WARN_UNREACHABLE_CODE = YES;
				CLANG_WARN__DUPLICATE_METHOD_MATCH = YES;
				"CODE_SIGN_IDENTITY[sdk=iphoneos*]" = "iPhone Developer";
				COPY_PHASE_STRIP = NO;
				ENABLE_NS_ASSERTIONS = NO;
				ENABLE_STRICT_OBJC_MSGSEND = YES;
				GCC_C_LANGUAGE_STANDARD = gnu99;
				GCC_WARN_64_TO_32_BIT_CONVERSION = YES;
				GCC_WARN_ABOUT_RETURN_TYPE = YES_ERROR;
				GCC_WARN_UNDECLARED_SELECTOR = YES;
				GCC_WARN_UNINITIALIZED_AUTOS = YES_AGGRESSIVE;
				GCC_WARN_UNUSED_FUNCTION = YES;
				GCC_WARN_UNUSED_VARIABLE = YES;
				IPHONEOS_DEPLOYMENT_TARGET = 8.2;
				MTL_ENABLE_DEBUG_INFO = NO;
				SDKROOT = iphoneos;
				VALIDATE_PRODUCT = YES;
			};
			name = Release;
		};
		041CAA1F1CF69A3500AA7E02 /* Debug */ = {
			isa = XCBuildConfiguration;
			buildSettings = {
				ASSETCATALOG_COMPILER_APPICON_NAME = AppIcon;
				INFOPLIST_FILE = 123/Info.plist;
				LD_RUNPATH_SEARCH_PATHS = "$(inherited) @executable_path/Frameworks";
				PRODUCT_NAME = "$(TARGET_NAME)";
			};
			name = Debug;
		};
		041CAA201CF69A3500AA7E02 /* Release */ = {
			isa = XCBuildConfiguration;
			buildSettings = {
				ASSETCATALOG_COMPILER_APPICON_NAME = AppIcon;
				INFOPLIST_FILE = 123/Info.plist;
				LD_RUNPATH_SEARCH_PATHS = "$(inherited) @executable_path/Frameworks";
				PRODUCT_NAME = "$(TARGET_NAME)";
			};
			name = Release;
		};
		041CAA221CF69A3500AA7E02 /* Debug */ = {
			isa = XCBuildConfiguration;
			buildSettings = {
				BUNDLE_LOADER = "$(TEST_HOST)";
				FRAMEWORK_SEARCH_PATHS = (
					"$(SDKROOT)/Developer/Library/Frameworks",
					"$(inherited)",
				);
				GCC_PREPROCESSOR_DEFINITIONS = (
					"DEBUG=1",
					"$(inherited)",
				);
				INFOPLIST_FILE = 123Tests/Info.plist;
				LD_RUNPATH_SEARCH_PATHS = "$(inherited) @executable_path/Frameworks @loader_path/Frameworks";
				PRODUCT_NAME = "$(TARGET_NAME)";
				TEST_HOST = "$(BUILT_PRODUCTS_DIR)/123.app/123";
			};
			name = Debug;
		};
		041CAA231CF69A3500AA7E02 /* Release */ = {
			isa = XCBuildConfiguration;
			buildSettings = {
				BUNDLE_LOADER = "$(TEST_HOST)";
				FRAMEWORK_SEARCH_PATHS = (
					"$(SDKROOT)/Developer/Library/Frameworks",
					"$(inherited)",
				);
				INFOPLIST_FILE = 123Tests/Info.plist;
				LD_RUNPATH_SEARCH_PATHS = "$(inherited) @executable_path/Frameworks @loader_path/Frameworks";
				PRODUCT_NAME = "$(TARGET_NAME)";
				TEST_HOST = "$(BUILT_PRODUCTS_DIR)/123.app/123";
			};
			name = Release;
		};
/* End XCBuildConfiguration section */

/* Begin XCConfigurationList section */
		041CA9F61CF69A3500AA7E02 /* Build configuration list for PBXProject "123" */ = {
			isa = XCConfigurationList;
			buildConfigurations = (
				041CAA1C1CF69A3500AA7E02 /* Debug */,
				041CAA1D1CF69A3500AA7E02 /* Release */,
			);
			defaultConfigurationIsVisible = 0;
			defaultConfigurationName = Release;
		};
		041CAA1E1CF69A3500AA7E02 /* Build configuration list for PBXNativeTarget "123" */ = {
			isa = XCConfigurationList;
			buildConfigurations = (
				041CAA1F1CF69A3500AA7E02 /* Debug */,
				041CAA201CF69A3500AA7E02 /* Release */,
			);
			defaultConfigurationIsVisible = 0;
			defaultConfigurationName = Release;
		};
		041CAA211CF69A3500AA7E02 /* Build configuration list for PBXNativeTarget "123Tests" */ = {
			isa = XCConfigurationList;
			buildConfigurations = (
				041CAA221CF69A3500AA7E02 /* Debug */,
				041CAA231CF69A3500AA7E02 /* Release */,
			);
			defaultConfigurationIsVisible = 0;
			defaultConfigurationName = Release;
		};
/* End XCConfigurationList section */
	};
	rootObject = 041CA9F31CF69A3500AA7E02 /* Project object */;
}
